
Microsoft Visual Studio Solution File, Format Version 12.00
# Visual Studio Version 17
VisualStudioVersion = 17.0.31903.59
MinimumVisualStudioVersion = 10.0.40219.1
Project("{2150E333-8FDC-42A3-9474-1A3956D46DE8}") = "src", "src", "{827E0CD3-B72D-47B6-A68D-7590B98EB39B}"
EndProject
Project("{FAE04EC0-301F-11D3-BF4B-00C04F79EFBC}") = "UPBazaar.Api", "src\UPBazaar.Api\UPBazaar.Api.csproj", "{94238A06-9D4D-4943-B237-4676E793CEC3}"
EndProject
Project("{FAE04EC0-301F-11D3-BF4B-00C04F79EFBC}") = "UPBazaar.Infrastructure", "src\UPBazaar.Infrastructure\UPBazaar.Infrastructure.csproj", "{7C1C9BEB-A0AC-4145-AEC9-D91A9D0BF1A1}"
EndProject
Project("{FAE04EC0-301F-11D3-BF4B-00C04F79EFBC}") = "UPBazaar.Modules.Catalog", "src\UPBazaar.Modules.Catalog\UPBazaar.Modules.Catalog.csproj", "{EFAB28D2-F654-40B4-9590-E0734104FB3B}"
EndProject
Project("{FAE04EC0-301F-11D3-BF4B-00C04F79EFBC}") = "UPBazaar.Modules.Catalog.Contracts", "src\UPBazaar.Modules.Catalog.Contracts\UPBazaar.Modules.Catalog.Contracts.csproj", "{5846B238-8DCF-4694-B8AC-BA53875CE58F}"
EndProject
Project("{FAE04EC0-301F-11D3-BF4B-00C04F79EFBC}") = "UPBazaar.Modules.Ordering", "src\UPBazaar.Modules.Ordering\UPBazaar.Modules.Ordering.csproj", "{EA670076-9535-4D14-A869-044E3C2BF630}"
EndProject
Project("{FAE04EC0-301F-11D3-BF4B-00C04F79EFBC}") = "UPBazaar.Modules.Ordering.Contracts", "src\UPBazaar.Modules.Ordering.Contracts\UPBazaar.Modules.Ordering.Contracts.csproj", "{E5CC9C92-B814-44EB-8E91-37C2A17B5F77}"
EndProject
Project("{FAE04EC0-301F-11D3-BF4B-00C04F79EFBC}") = "UPBazaar.Modules.Payments", "src\UPBazaar.Modules.Payments\UPBazaar.Modules.Payments.csproj", "{AFD39693-607D-4E10-9D4D-F63C5184C6D2}"
EndProject
Project("{FAE04EC0-301F-11D3-BF4B-00C04F79EFBC}") = "UPBazaar.Modules.Payments.Contracts", "src\UPBazaar.Modules.Payments.Contracts\UPBazaar.Modules.Payments.Contracts.csproj", "{70D3A82D-3FD5-46A4-A4FF-854272245BF5}"
EndProject
Project("{FAE04EC0-301F-11D3-BF4B-00C04F79EFBC}") = "UPBazaar.Modules.Shipping", "src\UPBazaar.Modules.Shipping\UPBazaar.Modules.Shipping.csproj", "{3158C07C-3FD4-43CD-A4BA-1DB97DAD5F16}"
EndProject
Project("{FAE04EC0-301F-11D3-BF4B-00C04F79EFBC}") = "UPBazaar.Modules.Shipping.Contracts", "src\UPBazaar.Modules.Shipping.Contracts\UPBazaar.Modules.Shipping.Contracts.csproj", "{53EC8129-C1E4-491F-A913-E3E87000170B}"
EndProject
Project("{FAE04EC0-301F-11D3-BF4B-00C04F79EFBC}") = "UPBazaar.SharedKernel", "src\UPBazaar.SharedKernel\UPBazaar.SharedKernel.csproj", "{D9E89DC8-F9FF-4FCC-8A76-C48DCA1A8588}"
EndProject
Project("{FAE04EC0-301F-11D3-BF4B-00C04F79EFBC}") = "UPBazaar.IntegrationTests", "tests\UPBazaar.IntegrationTests\UPBazaar.IntegrationTests.csproj", "{F2C556DC-4746-44BA-8F08-869D54E33B0C}"
EndProject
Project("{FAE04EC0-301F-11D3-BF4B-00C04F79EFBC}") = "UPBazaar.UnitTests", "tests\UPBazaar.UnitTests\UPBazaar.UnitTests.csproj", "{94F09ECD-B32E-4401-A624-6DC2C4BE7841}"
EndProject
Global
	GlobalSection(SolutionConfigurationPlatforms) = preSolution
		Debug|Any CPU = Debug|Any CPU
		Debug|x64 = Debug|x64
		Debug|x86 = Debug|x86
		Release|Any CPU = Release|Any CPU
		Release|x64 = Release|x64
		Release|x86 = Release|x86
	EndGlobalSection
	GlobalSection(ProjectConfigurationPlatforms) = postSolution
		{94238A06-9D4D-4943-B237-4676E793CEC3}.Debug|Any CPU.ActiveCfg = Debug|Any CPU
		{94238A06-9D4D-4943-B237-4676E793CEC3}.Debug|Any CPU.Build.0 = Debug|Any CPU
		{94238A06-9D4D-4943-B237-4676E793CEC3}.Debug|x64.ActiveCfg = Debug|Any CPU
		{94238A06-9D4D-4943-B237-4676E793CEC3}.Debug|x64.Build.0 = Debug|Any CPU
		{94238A06-9D4D-4943-B237-4676E793CEC3}.Debug|x86.ActiveCfg = Debug|Any CPU
		{94238A06-9D4D-4943-B237-4676E793CEC3}.Debug|x86.Build.0 = Debug|Any CPU
		{94238A06-9D4D-4943-B237-4676E793CEC3}.Release|Any CPU.ActiveCfg = Release|Any CPU
		{94238A06-9D4D-4943-B237-4676E793CEC3}.Release|Any CPU.Build.0 = Release|Any CPU
		{94238A06-9D4D-4943-B237-4676E793CEC3}.Release|x64.ActiveCfg = Release|Any CPU
		{94238A06-9D4D-4943-B237-4676E793CEC3}.Release|x64.Build.0 = Release|Any CPU
		{94238A06-9D4D-4943-B237-4676E793CEC3}.Release|x86.ActiveCfg = Release|Any CPU
		{94238A06-9D4D-4943-B237-4676E793CEC3}.Release|x86.Build.0 = Release|Any CPU
		{7C1C9BEB-A0AC-4145-AEC9-D91A9D0BF1A1}.Debug|Any CPU.ActiveCfg = Debug|Any CPU
		{7C1C9BEB-A0AC-4145-AEC9-D91A9D0BF1A1}.Debug|Any CPU.Build.0 = Debug|Any CPU
		{7C1C9BEB-A0AC-4145-AEC9-D91A9D0BF1A1}.Debug|x64.ActiveCfg = Debug|Any CPU
		{7C1C9BEB-A0AC-4145-AEC9-D91A9D0BF1A1}.Debug|x64.Build.0 = Debug|Any CPU
		{7C1C9BEB-A0AC-4145-AEC9-D91A9D0BF1A1}.Debug|x86.ActiveCfg = Debug|Any CPU
		{7C1C9BEB-A0AC-4145-AEC9-D91A9D0BF1A1}.Debug|x86.Build.0 = Debug|Any CPU
		{7C1C9BEB-A0AC-4145-AEC9-D91A9D0BF1A1}.Release|Any CPU.ActiveCfg = Release|Any CPU
		{7C1C9BEB-A0AC-4145-AEC9-D91A9D0BF1A1}.Release|Any CPU.Build.0 = Release|Any CPU
		{7C1C9BEB-A0AC-4145-AEC9-D91A9D0BF1A1}.Release|x64.ActiveCfg = Release|Any CPU
		{7C1C9BEB-A0AC-4145-AEC9-D91A9D0BF1A1}.Release|x64.Build.0 = Release|Any CPU
		{7C1C9BEB-A0AC-4145-AEC9-D91A9D0BF1A1}.Release|x86.ActiveCfg = Release|Any CPU
		{7C1C9BEB-A0AC-4145-AEC9-D91A9D0BF1A1}.Release|x86.Build.0 = Release|Any CPU
		{EFAB28D2-F654-40B4-9590-E0734104FB3B}.Debug|Any CPU.ActiveCfg = Debug|Any CPU
		{EFAB28D2-F654-40B4-9590-E0734104FB3B}.Debug|Any CPU.Build.0 = Debug|Any CPU
		{EFAB28D2-F654-40B4-9590-E0734104FB3B}.Debug|x64.ActiveCfg = Debug|Any CPU
		{EFAB28D2-F654-40B4-9590-E0734104FB3B}.Debug|x64.Build.0 = Debug|Any CPU
		{EFAB28D2-F654-40B4-9590-E0734104FB3B}.Debug|x86.ActiveCfg = Debug|Any CPU
		{EFAB28D2-F654-40B4-9590-E0734104FB3B}.Debug|x86.Build.0 = Debug|Any CPU
		{EFAB28D2-F654-40B4-9590-E0734104FB3B}.Release|Any CPU.ActiveCfg = Release|Any CPU
		{EFAB28D2-F654-40B4-9590-E0734104FB3B}.Release|Any CPU.Build.0 = Release|Any CPU
		{EFAB28D2-F654-40B4-9590-E0734104FB3B}.Release|x64.ActiveCfg = Release|Any CPU
		{EFAB28D2-F654-40B4-9590-E0734104FB3B}.Release|x64.Build.0 = Release|Any CPU
		{EFAB28D2-F654-40B4-9590-E0734104FB3B}.Release|x86.ActiveCfg = Release|Any CPU
		{EFAB28D2-F654-40B4-9590-E0734104FB3B}.Release|x86.Build.0 = Release|Any CPU
		{5846B238-8DCF-4694-B8AC-BA53875CE58F}.Debug|Any CPU.ActiveCfg = Debug|Any CPU
		{5846B238-8DCF-4694-B8AC-BA53875CE58F}.Debug|Any CPU.Build.0 = Debug|Any CPU
		{5846B238-8DCF-4694-B8AC-BA53875CE58F}.Debug|x64.ActiveCfg = Debug|Any CPU
		{5846B238-8DCF-4694-B8AC-BA53875CE58F}.Debug|x64.Build.0 = Debug|Any CPU
		{5846B238-8DCF-4694-B8AC-BA53875CE58F}.Debug|x86.ActiveCfg = Debug|Any CPU
		{5846B238-8DCF-4694-B8AC-BA53875CE58F}.Debug|x86.Build.0 = Debug|Any CPU
		{5846B238-8DCF-4694-B8AC-BA53875CE58F}.Release|Any CPU.ActiveCfg = Release|Any CPU
		{5846B238-8DCF-4694-B8AC-BA53875CE58F}.Release|Any CPU.Build.0 = Release|Any CPU
		{5846B238-8DCF-4694-B8AC-BA53875CE58F}.Release|x64.ActiveCfg = Release|Any CPU
		{5846B238-8DCF-4694-B8AC-BA53875CE58F}.Release|x64.Build.0 = Release|Any CPU
		{5846B238-8DCF-4694-B8AC-BA53875CE58F}.Release|x86.ActiveCfg = Release|Any CPU
		{5846B238-8DCF-4694-B8AC-BA53875CE58F}.Release|x86.Build.0 = Release|Any CPU
		{EA670076-9535-4D14-A869-044E3C2BF630}.Debug|Any CPU.ActiveCfg = Debug|Any CPU
		{EA670076-9535-4D14-A869-044E3C2BF630}.Debug|Any CPU.Build.0 = Debug|Any CPU
		{EA670076-9535-4D14-A869-044E3C2BF630}.Debug|x64.ActiveCfg = Debug|Any CPU
		{EA670076-9535-4D14-A869-044E3C2BF630}.Debug|x64.Build.0 = Debug|Any CPU
		{EA670076-9535-4D14-A869-044E3C2BF630}.Debug|x86.ActiveCfg = Debug|Any CPU
		{EA670076-9535-4D14-A869-044E3C2BF630}.Debug|x86.Build.0 = Debug|Any CPU
		{EA670076-9535-4D14-A869-044E3C2BF630}.Release|Any CPU.ActiveCfg = Release|Any CPU
		{EA670076-9535-4D14-A869-044E3C2BF630}.Release|Any CPU.Build.0 = Release|Any CPU
		{EA670076-9535-4D14-A869-044E3C2BF630}.Release|x64.ActiveCfg = Release|Any CPU
		{EA670076-9535-4D14-A869-044E3C2BF630}.Release|x64.Build.0 = Release|Any CPU
		{EA670076-9535-4D14-A869-044E3C2BF630}.Release|x86.ActiveCfg = Release|Any CPU
		{EA670076-9535-4D14-A869-044E3C2BF630}.Release|x86.Build.0 = Release|Any CPU
		{E5CC9C92-B814-44EB-8E91-37C2A17B5F77}.Debug|Any CPU.ActiveCfg = Debug|Any CPU
		{E5CC9C92-B814-44EB-8E91-37C2A17B5F77}.Debug|Any CPU.Build.0 = Debug|Any CPU
		{E5CC9C92-B814-44EB-8E91-37C2A17B5F77}.Debug|x64.ActiveCfg = Debug|Any CPU
		{E5CC9C92-B814-44EB-8E91-37C2A17B5F77}.Debug|x64.Build.0 = Debug|Any CPU
		{E5CC9C92-B814-44EB-8E91-37C2A17B5F77}.Debug|x86.ActiveCfg = Debug|Any CPU
		{E5CC9C92-B814-44EB-8E91-37C2A17B5F77}.Debug|x86.Build.0 = Debug|Any CPU
		{E5CC9C92-B814-44EB-8E91-37C2A17B5F77}.Release|Any CPU.ActiveCfg = Release|Any CPU
		{E5CC9C92-B814-44EB-8E91-37C2A17B5F77}.Release|Any CPU.Build.0 = Release|Any CPU
		{E5CC9C92-B814-44EB-8E91-37C2A17B5F77}.Release|x64.ActiveCfg = Release|Any CPU
		{E5CC9C92-B814-44EB-8E91-37C2A17B5F77}.Release|x64.Build.0 = Release|Any CPU
		{E5CC9C92-B814-44EB-8E91-37C2A17B5F77}.Release|x86.ActiveCfg = Release|Any CPU
		{E5CC9C92-B814-44EB-8E91-37C2A17B5F77}.Release|x86.Build.0 = Release|Any CPU
		{AFD39693-607D-4E10-9D4D-F63C5184C6D2}.Debug|Any CPU.ActiveCfg = Debug|Any CPU
		{AFD39693-607D-4E10-9D4D-F63C5184C6D2}.Debug|Any CPU.Build.0 = Debug|Any CPU
		{AFD39693-607D-4E10-9D4D-F63C5184C6D2}.Debug|x64.ActiveCfg = Debug|Any CPU
		{AFD39693-607D-4E10-9D4D-F63C5184C6D2}.Debug|x64.Build.0 = Debug|Any CPU
		{AFD39693-607D-4E10-9D4D-F63C5184C6D2}.Debug|x86.ActiveCfg = Debug|Any CPU
		{AFD39693-607D-4E10-9D4D-F63C5184C6D2}.Debug|x86.Build.0 = Debug|Any CPU
		{AFD39693-607D-4E10-9D4D-F63C5184C6D2}.Release|Any CPU.ActiveCfg = Release|Any CPU
		{AFD39693-607D-4E10-9D4D-F63C5184C6D2}.Release|Any CPU.Build.0 = Release|Any CPU
		{AFD39693-607D-4E10-9D4D-F63C5184C6D2}.Release|x64.ActiveCfg = Release|Any CPU
		{AFD39693-607D-4E10-9D4D-F63C5184C6D2}.Release|x64.Build.0 = Release|Any CPU
		{AFD39693-607D-4E10-9D4D-F63C5184C6D2}.Release|x86.ActiveCfg = Release|Any CPU
		{AFD39693-607D-4E10-9D4D-F63C5184C6D2}.Release|x86.Build.0 = Release|Any CPU
		{70D3A82D-3FD5-46A4-A4FF-854272245BF5}.Debug|Any CPU.ActiveCfg = Debug|Any CPU
		{70D3A82D-3FD5-46A4-A4FF-854272245BF5}.Debug|Any CPU.Build.0 = Debug|Any CPU
		{70D3A82D-3FD5-46A4-A4FF-854272245BF5}.Debug|x64.ActiveCfg = Debug|Any CPU
		{70D3A82D-3FD5-46A4-A4FF-854272245BF5}.Debug|x64.Build.0 = Debug|Any CPU
		{70D3A82D-3FD5-46A4-A4FF-854272245BF5}.Debug|x86.ActiveCfg = Debug|Any CPU
		{70D3A82D-3FD5-46A4-A4FF-854272245BF5}.Debug|x86.Build.0 = Debug|Any CPU
		{70D3A82D-3FD5-46A4-A4FF-854272245BF5}.Release|Any CPU.ActiveCfg = Release|Any CPU
		{70D3A82D-3FD5-46A4-A4FF-854272245BF5}.Release|Any CPU.Build.0 = Release|Any CPU
		{70D3A82D-3FD5-46A4-A4FF-854272245BF5}.Release|x64.ActiveCfg = Release|Any CPU
		{70D3A82D-3FD5-46A4-A4FF-854272245BF5}.Release|x64.Build.0 = Release|Any CPU
		{70D3A82D-3FD5-46A4-A4FF-854272245BF5}.Release|x86.ActiveCfg = Release|Any CPU
		{70D3A82D-3FD5-46A4-A4FF-854272245BF5}.Release|x86.Build.0 = Release|Any CPU
		{3158C07C-3FD4-43CD-A4BA-1DB97DAD5F16}.Debug|Any CPU.ActiveCfg = Debug|Any CPU
		{3158C07C-3FD4-43CD-A4BA-1DB97DAD5F16}.Debug|Any CPU.Build.0 = Debug|Any CPU
		{3158C07C-3FD4-43CD-A4BA-1DB97DAD5F16}.Debug|x64.ActiveCfg = Debug|Any CPU
		{3158C07C-3FD4-43CD-A4BA-1DB97DAD5F16}.Debug|x64.Build.0 = Debug|Any CPU
		{3158C07C-3FD4-43CD-A4BA-1DB97DAD5F16}.Debug|x86.ActiveCfg = Debug|Any CPU
		{3158C07C-3FD4-43CD-A4BA-1DB97DAD5F16}.Debug|x86.Build.0 = Debug|Any CPU
		{3158C07C-3FD4-43CD-A4BA-1DB97DAD5F16}.Release|Any CPU.ActiveCfg = Release|Any CPU
		{3158C07C-3FD4-43CD-A4BA-1DB97DAD5F16}.Release|Any CPU.Build.0 = Release|Any CPU
		{3158C07C-3FD4-43CD-A4BA-1DB97DAD5F16}.Release|x64.ActiveCfg = Release|Any CPU
		{3158C07C-3FD4-43CD-A4BA-1DB97DAD5F16}.Release|x64.Build.0 = Release|Any CPU
		{3158C07C-3FD4-43CD-A4BA-1DB97DAD5F16}.Release|x86.ActiveCfg = Release|Any CPU
		{3158C07C-3FD4-43CD-A4BA-1DB97DAD5F16}.Release|x86.Build.0 = Release|Any CPU
		{53EC8129-C1E4-491F-A913-E3E87000170B}.Debug|Any CPU.ActiveCfg = Debug|Any CPU
		{53EC8129-C1E4-491F-A913-E3E87000170B}.Debug|Any CPU.Build.0 = Debug|Any CPU
		{53EC8129-C1E4-491F-A913-E3E87000170B}.Debug|x64.ActiveCfg = Debug|Any CPU
		{53EC8129-C1E4-491F-A913-E3E87000170B}.Debug|x64.Build.0 = Debug|Any CPU
		{53EC8129-C1E4-491F-A913-E3E87000170B}.Debug|x86.ActiveCfg = Debug|Any CPU
		{53EC8129-C1E4-491F-A913-E3E87000170B}.Debug|x86.Build.0 = Debug|Any CPU
		{53EC8129-C1E4-491F-A913-E3E87000170B}.Release|Any CPU.ActiveCfg = Release|Any CPU
		{53EC8129-C1E4-491F-A913-E3E87000170B}.Release|Any CPU.Build.0 = Release|Any CPU
		{53EC8129-C1E4-491F-A913-E3E87000170B}.Release|x64.ActiveCfg = Release|Any CPU
		{53EC8129-C1E4-491F-A913-E3E87000170B}.Release|x64.Build.0 = Release|Any CPU
		{53EC8129-C1E4-491F-A913-E3E87000170B}.Release|x86.ActiveCfg = Release|Any CPU
		{53EC8129-C1E4-491F-A913-E3E87000170B}.Release|x86.Build.0 = Release|Any CPU
		{D9E89DC8-F9FF-4FCC-8A76-C48DCA1A8588}.Debug|Any CPU.ActiveCfg = Debug|Any CPU
		{D9E89DC8-F9FF-4FCC-8A76-C48DCA1A8588}.Debug|Any CPU.Build.0 = Debug|Any CPU
		{D9E89DC8-F9FF-4FCC-8A76-C48DCA1A8588}.Debug|x64.ActiveCfg = Debug|Any CPU
		{D9E89DC8-F9FF-4FCC-8A76-C48DCA1A8588}.Debug|x64.Build.0 = Debug|Any CPU
		{D9E89DC8-F9FF-4FCC-8A76-C48DCA1A8588}.Debug|x86.ActiveCfg = Debug|Any CPU
		{D9E89DC8-F9FF-4FCC-8A76-C48DCA1A8588}.Debug|x86.Build.0 = Debug|Any CPU
		{D9E89DC8-F9FF-4FCC-8A76-C48DCA1A8588}.Release|Any CPU.ActiveCfg = Release|Any CPU
		{D9E89DC8-F9FF-4FCC-8A76-C48DCA1A8588}.Release|Any CPU.Build.0 = Release|Any CPU
		{D9E89DC8-F9FF-4FCC-8A76-C48DCA1A8588}.Release|x64.ActiveCfg = Release|Any CPU
		{D9E89DC8-F9FF-4FCC-8A76-C48DCA1A8588}.Release|x64.Build.0 = Release|Any CPU
		{D9E89DC8-F9FF-4FCC-8A76-C48DCA1A8588}.Release|x86.ActiveCfg = Release|Any CPU
		{D9E89DC8-F9FF-4FCC-8A76-C48DCA1A8588}.Release|x86.Build.0 = Release|Any CPU
		{F2C556DC-4746-44BA-8F08-869D54E33B0C}.Debug|Any CPU.ActiveCfg = Debug|Any CPU
		{F2C556DC-4746-44BA-8F08-869D54E33B0C}.Debug|Any CPU.Build.0 = Debug|Any CPU
		{F2C556DC-4746-44BA-8F08-869D54E33B0C}.Debug|x64.ActiveCfg = Debug|Any CPU
		{F2C556DC-4746-44BA-8F08-869D54E33B0C}.Debug|x64.Build.0 = Debug|Any CPU
		{F2C556DC-4746-44BA-8F08-869D54E33B0C}.Debug|x86.ActiveCfg = Debug|Any CPU
		{F2C556DC-4746-44BA-8F08-869D54E33B0C}.Debug|x86.Build.0 = Debug|Any CPU
		{F2C556DC-4746-44BA-8F08-869D54E33B0C}.Release|Any CPU.ActiveCfg = Release|Any CPU
		{F2C556DC-4746-44BA-8F08-869D54E33B0C}.Release|Any CPU.Build.0 = Release|Any CPU
		{F2C556DC-4746-44BA-8F08-869D54E33B0C}.Release|x64.ActiveCfg = Release|Any CPU
		{F2C556DC-4746-44BA-8F08-869D54E33B0C}.Release|x64.Build.0 = Release|Any CPU
		{F2C556DC-4746-44BA-8F08-869D54E33B0C}.Release|x86.ActiveCfg = Release|Any CPU
		{F2C556DC-4746-44BA-8F08-869D54E33B0C}.Release|x86.Build.0 = Release|Any CPU
		{94F09ECD-B32E-4401-A624-6DC2C4BE7841}.Debug|Any CPU.ActiveCfg = Debug|Any CPU
		{94F09ECD-B32E-4401-A624-6DC2C4BE7841}.Debug|Any CPU.Build.0 = Debug|Any CPU
		{94F09ECD-B32E-4401-A624-6DC2C4BE7841}.Debug|x64.ActiveCfg = Debug|Any CPU
		{94F09ECD-B32E-4401-A624-6DC2C4BE7841}.Debug|x64.Build.0 = Debug|Any CPU
		{94F09ECD-B32E-4401-A624-6DC2C4BE7841}.Debug|x86.ActiveCfg = Debug|Any CPU
		{94F09ECD-B32E-4401-A624-6DC2C4BE7841}.Debug|x86.Build.0 = Debug|Any CPU
		{94F09ECD-B32E-4401-A624-6DC2C4BE7841}.Release|Any CPU.ActiveCfg = Release|Any CPU
		{94F09ECD-B32E-4401-A624-6DC2C4BE7841}.Release|Any CPU.Build.0 = Release|Any CPU
		{94F09ECD-B32E-4401-A624-6DC2C4BE7841}.Release|x64.ActiveCfg = Release|Any CPU
		{94F09ECD-B32E-4401-A624-6DC2C4BE7841}.Release|x64.Build.0 = Release|Any CPU
		{94F09ECD-B32E-4401-A624-6DC2C4BE7841}.Release|x86.ActiveCfg = Release|Any CPU
		{94F09ECD-B32E-4401-A624-6DC2C4BE7841}.Release|x86.Build.0 = Release|Any CPU
	EndGlobalSection
	GlobalSection(SolutionProperties) = preSolution
		HideSolutionNode = FALSE
	EndGlobalSection
	GlobalSection(NestedProjects) = preSolution
		{94238A06-9D4D-4943-B237-4676E793CEC3} = {827E0CD3-B72D-47B6-A68D-7590B98EB39B}
		{7C1C9BEB-A0AC-4145-AEC9-D91A9D0BF1A1} = {827E0CD3-B72D-47B6-A68D-7590B98EB39B}
		{EFAB28D2-F654-40B4-9590-E0734104FB3B} = {827E0CD3-B72D-47B6-A68D-7590B98EB39B}
		{5846B238-8DCF-4694-B8AC-BA53875CE58F} = {827E0CD3-B72D-47B6-A68D-7590B98EB39B}
		{EA670076-9535-4D14-A869-044E3C2BF630} = {827E0CD3-B72D-47B6-A68D-7590B98EB39B}
		{E5CC9C92-B814-44EB-8E91-37C2A17B5F77} = {827E0CD3-B72D-47B6-A68D-7590B98EB39B}
		{AFD39693-607D-4E10-9D4D-F63C5184C6D2} = {827E0CD3-B72D-47B6-A68D-7590B98EB39B}
		{70D3A82D-3FD5-46A4-A4FF-854272245BF5} = {827E0CD3-B72D-47B6-A68D-7590B98EB39B}
		{3158C07C-3FD4-43CD-A4BA-1DB97DAD5F16} = {827E0CD3-B72D-47B6-A68D-7590B98EB39B}
		{53EC8129-C1E4-491F-A913-E3E87000170B} = {827E0CD3-B72D-47B6-A68D-7590B98EB39B}
		{D9E89DC8-F9FF-4FCC-8A76-C48DCA1A8588} = {827E0CD3-B72D-47B6-A68D-7590B98EB39B}
		{F2C556DC-4746-44BA-8F08-869D54E33B0C} = {827E0CD3-B72D-47B6-A68D-7590B98EB39B}
		{94F09ECD-B32E-4401-A624-6DC2C4BE7841} = {827E0CD3-B72D-47B6-A68D-7590B98EB39B}
	EndGlobalSection
EndGlobal
